
Microsoft Visual Studio Solution File, Format Version 12.00
# Visual Studio Version 17
VisualStudioVersion = 17.0.31903.59
MinimumVisualStudioVersion = 10.0.40219.1
Project("{FAE04EC0-301F-11D3-BF4B-00C04F79EFBC}") = "Task2024.05.13", "Task2024.05.13\Task2024.05.13.csproj", "{13AD44F2-0227-41C2-B5F1-A73142C15BDC}"
EndProject
Global
	GlobalSection(SolutionConfigurationPlatforms) = preSolution
		Debug|Any CPU = Debug|Any CPU
		Release|Any CPU = Release|Any CPU
	EndGlobalSection
	GlobalSection(ProjectConfigurationPlatforms) = postSolution
		{13AD44F2-0227-41C2-B5F1-A73142C15BDC}.Debug|Any CPU.ActiveCfg = Debug|Any CPU
		{13AD44F2-0227-41C2-B5F1-A73142C15BDC}.Debug|Any CPU.Build.0 = Debug|Any CPU
		{13AD44F2-0227-41C2-B5F1-A73142C15BDC}.Release|Any CPU.ActiveCfg = Release|Any CPU
		{13AD44F2-0227-41C2-B5F1-A73142C15BDC}.Release|Any CPU.Build.0 = Release|Any CPU
	EndGlobalSection
	GlobalSection(SolutionProperties) = preSolution
		HideSolutionNode = FALSE
	EndGlobalSection
	GlobalSection(ExtensibilityGlobals) = postSolution
		SolutionGuid = {9CE0AD9B-6E97-48D7-9974-0E2F2DC57CEF}
	EndGlobalSection
EndGlobal
